{
  "nodes": {
    "moviepilotFrontendSrc": {
      "flake": false,
      "locked": {
        "lastModified": 1774417079,
        "narHash": "sha256-c9FoYxM6WLNVFktDtOqt4Gnj5taWjvkWoqU2d/CioOs=",
        "owner": "jxxghp",
        "repo": "MoviePilot-Frontend",
        "rev": "3cc83d10d3b231efe5ae6e88c73004a195e50eab",
        "type": "github"
      },
      "original": {
        "owner": "jxxghp",
        "ref": "v2",
        "repo": "MoviePilot-Frontend",
        "type": "github"
      }
    },
    "moviepilotPluginsSrc": {
      "flake": false,
      "locked": {
        "lastModified": 1774519318,
        "narHash": "sha256-0M8qZwc3G4bzbrAJ3u8Xb+3eKPvHAIdPCsL6/vDj2Po=",
        "owner": "jxxghp",
        "repo": "MoviePilot-Plugins",
        "rev": "77f399ffa0b94d3abd6c3aa0305c5684a74cd09c",
        "type": "github"
      },
      "original": {
        "owner": "jxxghp",
        "repo": "MoviePilot-Plugins",
        "type": "github"
      }
    },
    "moviepilotResourcesSrc": {
      "flake": false,
      "locked": {
        "lastModified": 1774225426,
        "narHash": "sha256-JKSMJFFgra91U31R0ZLgkoWcy3HMlL2EDOfuTxCrVLs=",
        "owner": "jxxghp",
        "repo": "MoviePilot-Resources",
        "rev": "cf1dfb09150f2b5d63ce86460c5b54a72949f2dd",
        "type": "github"
      },
      "original": {
        "owner": "jxxghp",
        "repo": "MoviePilot-Resources",
        "type": "github"
      }
    },
    "moviepilotSrc": {
      "flake": false,
      "locked": {
        "lastModified": 1774517490,
        "narHash": "sha256-uXllDaEbwnJ3fwiOKXaHtbGawjhspzYLNvYjDZtmIik=",
        "owner": "jxxghp",
        "repo": "MoviePilot",
        "rev": "20387a0085a9644e75dbd398d21391c066d66a75",
        "type": "github"
      },
      "original": {
        "owner": "jxxghp",
        "ref": "v2",
        "repo": "MoviePilot",
        "type": "github"
      }
    },
    "nixpkgs": {
      "locked": {
        "lastModified": 1767313136,
        "narHash": "sha256-16KkgfdYqjaeRGBaYsNrhPRRENs0qzkQVUooNHtoy2w=",
        "owner": "NixOS",
        "repo": "nixpkgs",
        "rev": "ac62194c3917d5f474c1a844b6fd6da2db95077d",
        "type": "github"
      },
      "original": {
        "owner": "NixOS",
        "ref": "nixos-25.05",
        "repo": "nixpkgs",
        "type": "github"
      }
    },
    "nixpkgsPython": {
      "locked": {
        "lastModified": 1774106199,
        "narHash": "sha256-US5Tda2sKmjrg2lNHQL3jRQ6p96cgfWh3J1QBliQ8Ws=",
        "owner": "NixOS",
        "repo": "nixpkgs",
        "rev": "6c9a78c09ff4d6c21d0319114873508a6ec01655",
        "type": "github"
      },
      "original": {
        "owner": "NixOS",
        "ref": "nixos-unstable",
        "repo": "nixpkgs",
        "type": "github"
      }
    },
    "root": {
      "inputs": {
        "moviepilotFrontendSrc": "moviepilotFrontendSrc",
        "moviepilotPluginsSrc": "moviepilotPluginsSrc",
        "moviepilotResourcesSrc": "moviepilotResourcesSrc",
        "moviepilotSrc": "moviepilotSrc",
        "nixpkgs": "nixpkgs",
        "nixpkgsPython": "nixpkgsPython"
      }
    }
  },
  "root": "root",
  "version": 7
}
